
Microsoft Visual Studio Solution File, Format Version 12.00
# Visual Studio Version 16
VisualStudioVersion = 16.0.29926.136
MinimumVisualStudioVersion = 10.0.40219.1
Project("{8BC9CEB8-8B4A-11D0-8D11-00A0C91BC942}") = "EDA_TP4", "EDA_TP4\EDA_TP4.vcxproj", "{89DDC88D-13D3-4325-8138-37E905F48605}"
EndProject
Global
	GlobalSection(SolutionConfigurationPlatforms) = preSolution
		Debug|x64 = Debug|x64
		Debug|x86 = Debug|x86
		Release|x64 = Release|x64
		Release|x86 = Release|x86
	EndGlobalSection
	GlobalSection(ProjectConfigurationPlatforms) = postSolution
		{89DDC88D-13D3-4325-8138-37E905F48605}.Debug|x64.ActiveCfg = Debug|x64
		{89DDC88D-13D3-4325-8138-37E905F48605}.Debug|x64.Build.0 = Debug|x64
		{89DDC88D-13D3-4325-8138-37E905F48605}.Debug|x86.ActiveCfg = Debug|Win32
		{89DDC88D-13D3-4325-8138-37E905F48605}.Debug|x86.Build.0 = Debug|Win32
		{89DDC88D-13D3-4325-8138-37E905F48605}.Release|x64.ActiveCfg = Release|x64
		{89DDC88D-13D3-4325-8138-37E905F48605}.Release|x64.Build.0 = Release|x64
		{89DDC88D-13D3-4325-8138-37E905F48605}.Release|x86.ActiveCfg = Release|Win32
		{89DDC88D-13D3-4325-8138-37E905F48605}.Release|x86.Build.0 = Release|Win32
	EndGlobalSection
	GlobalSection(SolutionProperties) = preSolution
		HideSolutionNode = FALSE
	EndGlobalSection
	GlobalSection(ExtensibilityGlobals) = postSolution
		SolutionGuid = {57653E0F-5118-4B3F-A3C0-7A68FA5FA2FF}
	EndGlobalSection
EndGlobal
